
Microsoft Visual Studio Solution File, Format Version 11.00
# Visual C# Express 2010
Project("{FAE04EC0-301F-11D3-BF4B-00C04F79EFBC}") = "EvenNum.cs", "EvenNum.cs\EvenNum.cs.csproj", "{D42D447E-2FD6-48B6-B22A-B401778B3195}"
EndProject
Global
	GlobalSection(SolutionConfigurationPlatforms) = preSolution
		Debug|x86 = Debug|x86
		Release|x86 = Release|x86
	EndGlobalSection
	GlobalSection(ProjectConfigurationPlatforms) = postSolution
		{D42D447E-2FD6-48B6-B22A-B401778B3195}.Debug|x86.ActiveCfg = Debug|x86
		{D42D447E-2FD6-48B6-B22A-B401778B3195}.Debug|x86.Build.0 = Debug|x86
		{D42D447E-2FD6-48B6-B22A-B401778B3195}.Release|x86.ActiveCfg = Release|x86
		{D42D447E-2FD6-48B6-B22A-B401778B3195}.Release|x86.Build.0 = Release|x86
	EndGlobalSection
	GlobalSection(SolutionProperties) = preSolution
		HideSolutionNode = FALSE
	EndGlobalSection
EndGlobal
